
Microsoft Visual Studio Solution File, Format Version 12.00
# Visual Studio Version 16
VisualStudioVersion = 16.0.30002.166
MinimumVisualStudioVersion = 10.0.40219.1
Project("{FAE04EC0-301F-11D3-BF4B-00C04F79EFBC}") = "Scrapy-nHentai", "Scrapy-nHentai\Scrapy-nHentai.csproj", "{A44027F0-438D-435C-ACD2-6E8C4E2AB3F7}"
EndProject
Global
	GlobalSection(SolutionConfigurationPlatforms) = preSolution
		Debug|Any CPU = Debug|Any CPU
		Release|Any CPU = Release|Any CPU
	EndGlobalSection
	GlobalSection(ProjectConfigurationPlatforms) = postSolution
		{A44027F0-438D-435C-ACD2-6E8C4E2AB3F7}.Debug|Any CPU.ActiveCfg = Debug|Any CPU
		{A44027F0-438D-435C-ACD2-6E8C4E2AB3F7}.Debug|Any CPU.Build.0 = Debug|Any CPU
		{A44027F0-438D-435C-ACD2-6E8C4E2AB3F7}.Release|Any CPU.ActiveCfg = Release|Any CPU
		{A44027F0-438D-435C-ACD2-6E8C4E2AB3F7}.Release|Any CPU.Build.0 = Release|Any CPU
	EndGlobalSection
	GlobalSection(SolutionProperties) = preSolution
		HideSolutionNode = FALSE
	EndGlobalSection
	GlobalSection(ExtensibilityGlobals) = postSolution
		SolutionGuid = {47290453-513F-44FC-9547-34F84A3EB9CF}
	EndGlobalSection
EndGlobal
